// !$*UTF8*$!
{
	archiveVersion = 1;
	classes = {
	};
	objectVersion = 55;
	objects = {

/* Begin PBXBuildFile section */
		23187D96292E661E00ED302A /* GRDWireGuardKitiOS.h in Headers */ = {isa = PBXBuildFile; fileRef = 23187D95292E661E00ED302A /* GRDWireGuardKitiOS.h */; settings = {ATTRIBUTES = (Public, ); }; };
		23187D9C292E668500ED302A /* libwg-go.a in Frameworks */ = {isa = PBXBuildFile; fileRef = 231A20A8292D2BB200D8E9C2 /* libwg-go.a */; };
		23187D9D292E669400ED302A /* wireguard.h in Headers */ = {isa = PBXBuildFile; fileRef = 231A2111292E55E000D8E9C2 /* wireguard.h */; settings = {ATTRIBUTES = (Public, ); }; };
		23187D9E292E669F00ED302A /* WireGuardKitC.h in Headers */ = {isa = PBXBuildFile; fileRef = 231A2106292E55D100D8E9C2 /* WireGuardKitC.h */; settings = {ATTRIBUTES = (Public, ); }; };
		23187D9F292E66A200ED302A /* key.h in Headers */ = {isa = PBXBuildFile; fileRef = 231A2107292E55D100D8E9C2 /* key.h */; settings = {ATTRIBUTES = (Public, ); }; };
		23187DA0292E66A600ED302A /* x25519.c in Sources */ = {isa = PBXBuildFile; fileRef = 231A2108292E55D100D8E9C2 /* x25519.c */; };
		23187DA1292E66A800ED302A /* key.c in Sources */ = {isa = PBXBuildFile; fileRef = 231A2109292E55D100D8E9C2 /* key.c */; };
		23187DA2292E66AA00ED302A /* x25519.h in Headers */ = {isa = PBXBuildFile; fileRef = 231A210B292E55D100D8E9C2 /* x25519.h */; settings = {ATTRIBUTES = (Public, ); }; };
		23187DA3292E66C100ED302A /* WireGuardAdapter.swift in Sources */ = {isa = PBXBuildFile; fileRef = 231A20F1292E55A900D8E9C2 /* WireGuardAdapter.swift */; };
		23187DA4292E66C100ED302A /* Array+ConcurrentMap.swift in Sources */ = {isa = PBXBuildFile; fileRef = 231A20F2292E55A900D8E9C2 /* Array+ConcurrentMap.swift */; };
		23187DA5292E66C100ED302A /* PrivateKey.swift in Sources */ = {isa = PBXBuildFile; fileRef = 231A20F5292E55A900D8E9C2 /* PrivateKey.swift */; };
		23187DA6292E66C100ED302A /* IPAddress+AddrInfo.swift in Sources */ = {isa = PBXBuildFile; fileRef = 231A20F4292E55A900D8E9C2 /* IPAddress+AddrInfo.swift */; };
		23187DA7292E66C100ED302A /* IPAddressRange.swift in Sources */ = {isa = PBXBuildFile; fileRef = 231A20F7292E55A900D8E9C2 /* IPAddressRange.swift */; };
		23187DA8292E66C100ED302A /* Endpoint.swift in Sources */ = {isa = PBXBuildFile; fileRef = 231A20F8292E55A900D8E9C2 /* Endpoint.swift */; };
		23187DA9292E66C100ED302A /* DNSResolver.swift in Sources */ = {isa = PBXBuildFile; fileRef = 231A20F3292E55A900D8E9C2 /* DNSResolver.swift */; };
		23187DAA292E66C100ED302A /* PeerConfiguration.swift in Sources */ = {isa = PBXBuildFile; fileRef = 231A20EE292E55A900D8E9C2 /* PeerConfiguration.swift */; };
		23187DAB292E66C100ED302A /* DNSServer.swift in Sources */ = {isa = PBXBuildFile; fileRef = 231A20EF292E55A900D8E9C2 /* DNSServer.swift */; };
		23187DAC292E66C100ED302A /* PacketTunnelSettingsGenerator.swift in Sources */ = {isa = PBXBuildFile; fileRef = 231A20F6292E55A900D8E9C2 /* PacketTunnelSettingsGenerator.swift */; };
		23187DAD292E66C100ED302A /* TunnelConfiguration.swift in Sources */ = {isa = PBXBuildFile; fileRef = 231A20F0292E55A900D8E9C2 /* TunnelConfiguration.swift */; };
		23187DAE292E66C100ED302A /* InterfaceConfiguration.swift in Sources */ = {isa = PBXBuildFile; fileRef = 231A20ED292E55A900D8E9C2 /* InterfaceConfiguration.swift */; };
		23187DAF292E66C700ED302A /* FileManager+Extension.swift in Sources */ = {isa = PBXBuildFile; fileRef = 231A20D6292E558300D8E9C2 /* FileManager+Extension.swift */; };
		23187DB0292E66C700ED302A /* Keychain.swift in Sources */ = {isa = PBXBuildFile; fileRef = 231A20D7292E558300D8E9C2 /* Keychain.swift */; };
		23187DB1292E66C700ED302A /* NotificationToken.swift in Sources */ = {isa = PBXBuildFile; fileRef = 231A20D8292E558300D8E9C2 /* NotificationToken.swift */; };
		23187DB2292E66CA00ED302A /* String+ArrayConversion.swift in Sources */ = {isa = PBXBuildFile; fileRef = 231A20DC292E558300D8E9C2 /* String+ArrayConversion.swift */; };
		23187DB3292E66CA00ED302A /* TunnelConfiguration+WgQuickConfig.swift in Sources */ = {isa = PBXBuildFile; fileRef = 231A20DA292E558300D8E9C2 /* TunnelConfiguration+WgQuickConfig.swift */; };
		23187DB4292E66CA00ED302A /* NETunnelProviderProtocol+Extension.swift in Sources */ = {isa = PBXBuildFile; fileRef = 231A20DB292E558300D8E9C2 /* NETunnelProviderProtocol+Extension.swift */; };
		23187DB5292E66CD00ED302A /* ringlogger.c in Sources */ = {isa = PBXBuildFile; fileRef = 231A20DE292E558300D8E9C2 /* ringlogger.c */; };
		23187DB6292E66CD00ED302A /* Logger.swift in Sources */ = {isa = PBXBuildFile; fileRef = 231A20DF292E558300D8E9C2 /* Logger.swift */; };
		23187DB7292E66CF00ED302A /* ringlogger.h in Headers */ = {isa = PBXBuildFile; fileRef = 231A20E1292E558300D8E9C2 /* ringlogger.h */; settings = {ATTRIBUTES = (Public, ); }; };
		23187DB8292E66DF00ED302A /* GRDKeychain.swift in Sources */ = {isa = PBXBuildFile; fileRef = 239AD33727E1F3570076055C /* GRDKeychain.swift */; };
		23187DB9292E66DF00ED302A /* PacketTunnelProvider.swift in Sources */ = {isa = PBXBuildFile; fileRef = 2302A82327C6B7E8009F8664 /* PacketTunnelProvider.swift */; };
		23187DC2292E6A0100ED302A /* GRDWireGuardKitmacOS.h in Headers */ = {isa = PBXBuildFile; fileRef = 23187DC1292E6A0100ED302A /* GRDWireGuardKitmacOS.h */; settings = {ATTRIBUTES = (Public, ); }; };
		23187DC8292E6A4400ED302A /* libwg-go.a in Frameworks */ = {isa = PBXBuildFile; fileRef = 23187D8B292E5ACD00ED302A /* libwg-go.a */; };
		23187DC9292E6A6800ED302A /* wireguard.h in Headers */ = {isa = PBXBuildFile; fileRef = 231A2111292E55E000D8E9C2 /* wireguard.h */; settings = {ATTRIBUTES = (Public, ); }; };
		23187DCA292E6A6D00ED302A /* WireGuardKitC.h in Headers */ = {isa = PBXBuildFile; fileRef = 231A2106292E55D100D8E9C2 /* WireGuardKitC.h */; settings = {ATTRIBUTES = (Public, ); }; };
		23187DCB292E6A7100ED302A /* key.h in Headers */ = {isa = PBXBuildFile; fileRef = 231A2107292E55D100D8E9C2 /* key.h */; settings = {ATTRIBUTES = (Public, ); }; };
		23187DCC292E6A7500ED302A /* x25519.c in Sources */ = {isa = PBXBuildFile; fileRef = 231A2108292E55D100D8E9C2 /* x25519.c */; };
		23187DCD292E6A7500ED302A /* key.c in Sources */ = {isa = PBXBuildFile; fileRef = 231A2109292E55D100D8E9C2 /* key.c */; };
		23187DCE292E6A7700ED302A /* x25519.h in Headers */ = {isa = PBXBuildFile; fileRef = 231A210B292E55D100D8E9C2 /* x25519.h */; settings = {ATTRIBUTES = (Public, ); }; };
		23187DCF292E6A7E00ED302A /* IPAddressRange.swift in Sources */ = {isa = PBXBuildFile; fileRef = 231A20F7292E55A900D8E9C2 /* IPAddressRange.swift */; };
		23187DD0292E6A7E00ED302A /* DNSServer.swift in Sources */ = {isa = PBXBuildFile; fileRef = 231A20EF292E55A900D8E9C2 /* DNSServer.swift */; };
		23187DD1292E6A7E00ED302A /* TunnelConfiguration.swift in Sources */ = {isa = PBXBuildFile; fileRef = 231A20F0292E55A900D8E9C2 /* TunnelConfiguration.swift */; };
		23187DD2292E6A7E00ED302A /* Array+ConcurrentMap.swift in Sources */ = {isa = PBXBuildFile; fileRef = 231A20F2292E55A900D8E9C2 /* Array+ConcurrentMap.swift */; };
		23187DD3292E6A7E00ED302A /* InterfaceConfiguration.swift in Sources */ = {isa = PBXBuildFile; fileRef = 231A20ED292E55A900D8E9C2 /* InterfaceConfiguration.swift */; };
		23187DD4292E6A7E00ED302A /* WireGuardAdapter.swift in Sources */ = {isa = PBXBuildFile; fileRef = 231A20F1292E55A900D8E9C2 /* WireGuardAdapter.swift */; };
		23187DD5292E6A7E00ED302A /* DNSResolver.swift in Sources */ = {isa = PBXBuildFile; fileRef = 231A20F3292E55A900D8E9C2 /* DNSResolver.swift */; };
		23187DD6292E6A7E00ED302A /* IPAddress+AddrInfo.swift in Sources */ = {isa = PBXBuildFile; fileRef = 231A20F4292E55A900D8E9C2 /* IPAddress+AddrInfo.swift */; };
		23187DD7292E6A7E00ED302A /* PacketTunnelSettingsGenerator.swift in Sources */ = {isa = PBXBuildFile; fileRef = 231A20F6292E55A900D8E9C2 /* PacketTunnelSettingsGenerator.swift */; };
		23187DD8292E6A7E00ED302A /* Endpoint.swift in Sources */ = {isa = PBXBuildFile; fileRef = 231A20F8292E55A900D8E9C2 /* Endpoint.swift */; };
		23187DD9292E6A7E00ED302A /* PeerConfiguration.swift in Sources */ = {isa = PBXBuildFile; fileRef = 231A20EE292E55A900D8E9C2 /* PeerConfiguration.swift */; };
		23187DDA292E6A7E00ED302A /* PrivateKey.swift in Sources */ = {isa = PBXBuildFile; fileRef = 231A20F5292E55A900D8E9C2 /* PrivateKey.swift */; };
		23187DDB292E6A8200ED302A /* FileManager+Extension.swift in Sources */ = {isa = PBXBuildFile; fileRef = 231A20D6292E558300D8E9C2 /* FileManager+Extension.swift */; };
		23187DDC292E6A8200ED302A /* Keychain.swift in Sources */ = {isa = PBXBuildFile; fileRef = 231A20D7292E558300D8E9C2 /* Keychain.swift */; };
		23187DDD292E6A8200ED302A /* NotificationToken.swift in Sources */ = {isa = PBXBuildFile; fileRef = 231A20D8292E558300D8E9C2 /* NotificationToken.swift */; };
		23187DDE292E6A8500ED302A /* TunnelConfiguration+WgQuickConfig.swift in Sources */ = {isa = PBXBuildFile; fileRef = 231A20DA292E558300D8E9C2 /* TunnelConfiguration+WgQuickConfig.swift */; };
		23187DDF292E6A8500ED302A /* String+ArrayConversion.swift in Sources */ = {isa = PBXBuildFile; fileRef = 231A20DC292E558300D8E9C2 /* String+ArrayConversion.swift */; };
		23187DE0292E6A8500ED302A /* NETunnelProviderProtocol+Extension.swift in Sources */ = {isa = PBXBuildFile; fileRef = 231A20DB292E558300D8E9C2 /* NETunnelProviderProtocol+Extension.swift */; };
		23187DE1292E6A8900ED302A /* ringlogger.c in Sources */ = {isa = PBXBuildFile; fileRef = 231A20DE292E558300D8E9C2 /* ringlogger.c */; };
		23187DE2292E6A8900ED302A /* Logger.swift in Sources */ = {isa = PBXBuildFile; fileRef = 231A20DF292E558300D8E9C2 /* Logger.swift */; };
		23187DE3292E6A8B00ED302A /* ringlogger.h in Headers */ = {isa = PBXBuildFile; fileRef = 231A20E1292E558300D8E9C2 /* ringlogger.h */; settings = {ATTRIBUTES = (Public, ); }; };
		23187DE4292E6A8F00ED302A /* GRDKeychain.swift in Sources */ = {isa = PBXBuildFile; fileRef = 239AD33727E1F3570076055C /* GRDKeychain.swift */; };
		23187DE5292E6A8F00ED302A /* PacketTunnelProvider.swift in Sources */ = {isa = PBXBuildFile; fileRef = 2302A82327C6B7E8009F8664 /* PacketTunnelProvider.swift */; };
/* End PBXBuildFile section */

/* Begin PBXContainerItemProxy section */
		23187D9A292E662800ED302A /* PBXContainerItemProxy */ = {
			isa = PBXContainerItemProxy;
			containerPortal = 2302A67D27C6B153009F8664 /* Project object */;
			proxyType = 1;
			remoteGlobalIDString = 2302A81D27C6B364009F8664;
			remoteInfo = WireGuardBridgeiOS;
		};
		23187DC6292E6A1100ED302A /* PBXContainerItemProxy */ = {
			isa = PBXContainerItemProxy;
			containerPortal = 2302A67D27C6B153009F8664 /* Project object */;
			proxyType = 1;
			remoteGlobalIDString = 2302A81927C6B34A009F8664;
			remoteInfo = WireGuardBridgemacOS;
		};
/* End PBXContainerItemProxy section */

/* Begin PBXFileReference section */
		2302A82327C6B7E8009F8664 /* PacketTunnelProvider.swift */ = {isa = PBXFileReference; lastKnownFileType = sourcecode.swift; path = PacketTunnelProvider.swift; sourceTree = "<group>"; };
		23136B73281697150064EA5C /* libwg-go.a */ = {isa = PBXFileReference; lastKnownFileType = archive.ar; name = "libwg-go.a"; path = "../../../../../Library/Developer/Xcode/DerivedData/Guardian-gsoeobdtnwvmibbdqxnxnlzogidd/Build/Products/Debug-iphoneos/libwg-go.a"; sourceTree = "<group>"; };
		23187D8B292E5ACD00ED302A /* libwg-go.a */ = {isa = PBXFileReference; lastKnownFileType = archive.ar; name = "libwg-go.a"; path = "../../../../../Library/Developer/Xcode/DerivedData/GRDWireGuardKit-crrjejcmjrnwdjfxccgbersxwnsx/Build/Products/Debug/libwg-go.a"; sourceTree = "<group>"; };
		23187D93292E661E00ED302A /* GRDWireGuardKitiOS.framework */ = {isa = PBXFileReference; explicitFileType = wrapper.framework; includeInIndex = 0; path = GRDWireGuardKitiOS.framework; sourceTree = BUILT_PRODUCTS_DIR; };
		23187D95292E661E00ED302A /* GRDWireGuardKitiOS.h */ = {isa = PBXFileReference; lastKnownFileType = sourcecode.c.h; path = GRDWireGuardKitiOS.h; sourceTree = "<group>"; };
		23187DBF292E6A0100ED302A /* GRDWireGuardKitmacOS.framework */ = {isa = PBXFileReference; explicitFileType = wrapper.framework; includeInIndex = 0; path = GRDWireGuardKitmacOS.framework; sourceTree = BUILT_PRODUCTS_DIR; };
		23187DC1292E6A0100ED302A /* GRDWireGuardKitmacOS.h */ = {isa = PBXFileReference; lastKnownFileType = sourcecode.c.h; path = GRDWireGuardKitmacOS.h; sourceTree = "<group>"; };
		231A20A8292D2BB200D8E9C2 /* libwg-go.a */ = {isa = PBXFileReference; lastKnownFileType = archive.ar; name = "libwg-go.a"; path = "../../../../../Library/Developer/Xcode/DerivedData/GRDWireGuardKit-crrjejcmjrnwdjfxccgbersxwnsx/Build/Products/Debug-iphonesimulator/libwg-go.a"; sourceTree = "<group>"; };
		231A20D6292E558300D8E9C2 /* FileManager+Extension.swift */ = {isa = PBXFileReference; fileEncoding = 4; lastKnownFileType = sourcecode.swift; path = "FileManager+Extension.swift"; sourceTree = "<group>"; };
		231A20D7292E558300D8E9C2 /* Keychain.swift */ = {isa = PBXFileReference; fileEncoding = 4; lastKnownFileType = sourcecode.swift; path = Keychain.swift; sourceTree = "<group>"; };
		231A20D8292E558300D8E9C2 /* NotificationToken.swift */ = {isa = PBXFileReference; fileEncoding = 4; lastKnownFileType = sourcecode.swift; path = NotificationToken.swift; sourceTree = "<group>"; };
		231A20DA292E558300D8E9C2 /* TunnelConfiguration+WgQuickConfig.swift */ = {isa = PBXFileReference; fileEncoding = 4; lastKnownFileType = sourcecode.swift; path = "TunnelConfiguration+WgQuickConfig.swift"; sourceTree = "<group>"; };
		231A20DB292E558300D8E9C2 /* NETunnelProviderProtocol+Extension.swift */ = {isa = PBXFileReference; fileEncoding = 4; lastKnownFileType = sourcecode.swift; path = "NETunnelProviderProtocol+Extension.swift"; sourceTree = "<group>"; };
		231A20DC292E558300D8E9C2 /* String+ArrayConversion.swift */ = {isa = PBXFileReference; fileEncoding = 4; lastKnownFileType = sourcecode.swift; path = "String+ArrayConversion.swift"; sourceTree = "<group>"; };
		231A20DE292E558300D8E9C2 /* ringlogger.c */ = {isa = PBXFileReference; fileEncoding = 4; lastKnownFileType = sourcecode.c.c; path = ringlogger.c; sourceTree = "<group>"; };
		231A20DF292E558300D8E9C2 /* Logger.swift */ = {isa = PBXFileReference; fileEncoding = 4; lastKnownFileType = sourcecode.swift; path = Logger.swift; sourceTree = "<group>"; };
		231A20E1292E558300D8E9C2 /* ringlogger.h */ = {isa = PBXFileReference; fileEncoding = 4; lastKnownFileType = sourcecode.c.h; path = ringlogger.h; sourceTree = "<group>"; };
		231A20ED292E55A900D8E9C2 /* InterfaceConfiguration.swift */ = {isa = PBXFileReference; fileEncoding = 4; lastKnownFileType = sourcecode.swift; path = InterfaceConfiguration.swift; sourceTree = "<group>"; };
		231A20EE292E55A900D8E9C2 /* PeerConfiguration.swift */ = {isa = PBXFileReference; fileEncoding = 4; lastKnownFileType = sourcecode.swift; path = PeerConfiguration.swift; sourceTree = "<group>"; };
		231A20EF292E55A900D8E9C2 /* DNSServer.swift */ = {isa = PBXFileReference; fileEncoding = 4; lastKnownFileType = sourcecode.swift; path = DNSServer.swift; sourceTree = "<group>"; };
		231A20F0292E55A900D8E9C2 /* TunnelConfiguration.swift */ = {isa = PBXFileReference; fileEncoding = 4; lastKnownFileType = sourcecode.swift; path = TunnelConfiguration.swift; sourceTree = "<group>"; };
		231A20F1292E55A900D8E9C2 /* WireGuardAdapter.swift */ = {isa = PBXFileReference; fileEncoding = 4; lastKnownFileType = sourcecode.swift; path = WireGuardAdapter.swift; sourceTree = "<group>"; };
		231A20F2292E55A900D8E9C2 /* Array+ConcurrentMap.swift */ = {isa = PBXFileReference; fileEncoding = 4; lastKnownFileType = sourcecode.swift; path = "Array+ConcurrentMap.swift"; sourceTree = "<group>"; };
		231A20F3292E55A900D8E9C2 /* DNSResolver.swift */ = {isa = PBXFileReference; fileEncoding = 4; lastKnownFileType = sourcecode.swift; path = DNSResolver.swift; sourceTree = "<group>"; };
		231A20F4292E55A900D8E9C2 /* IPAddress+AddrInfo.swift */ = {isa = PBXFileReference; fileEncoding = 4; lastKnownFileType = sourcecode.swift; path = "IPAddress+AddrInfo.swift"; sourceTree = "<group>"; };
		231A20F5292E55A900D8E9C2 /* PrivateKey.swift */ = {isa = PBXFileReference; fileEncoding = 4; lastKnownFileType = sourcecode.swift; path = PrivateKey.swift; sourceTree = "<group>"; };
		231A20F6292E55A900D8E9C2 /* PacketTunnelSettingsGenerator.swift */ = {isa = PBXFileReference; fileEncoding = 4; lastKnownFileType = sourcecode.swift; path = PacketTunnelSettingsGenerator.swift; sourceTree = "<group>"; };
		231A20F7292E55A900D8E9C2 /* IPAddressRange.swift */ = {isa = PBXFileReference; fileEncoding = 4; lastKnownFileType = sourcecode.swift; path = IPAddressRange.swift; sourceTree = "<group>"; };
		231A20F8292E55A900D8E9C2 /* Endpoint.swift */ = {isa = PBXFileReference; fileEncoding = 4; lastKnownFileType = sourcecode.swift; path = Endpoint.swift; sourceTree = "<group>"; };
		231A2106292E55D100D8E9C2 /* WireGuardKitC.h */ = {isa = PBXFileReference; fileEncoding = 4; lastKnownFileType = sourcecode.c.h; path = WireGuardKitC.h; sourceTree = "<group>"; };
		231A2107292E55D100D8E9C2 /* key.h */ = {isa = PBXFileReference; fileEncoding = 4; lastKnownFileType = sourcecode.c.h; path = key.h; sourceTree = "<group>"; };
		231A2108292E55D100D8E9C2 /* x25519.c */ = {isa = PBXFileReference; fileEncoding = 4; lastKnownFileType = sourcecode.c.c; path = x25519.c; sourceTree = "<group>"; };
		231A2109292E55D100D8E9C2 /* key.c */ = {isa = PBXFileReference; fileEncoding = 4; lastKnownFileType = sourcecode.c.c; path = key.c; sourceTree = "<group>"; };
		231A210A292E55D100D8E9C2 /* module.modulemap */ = {isa = PBXFileReference; fileEncoding = 4; lastKnownFileType = "sourcecode.module-map"; path = module.modulemap; sourceTree = "<group>"; };
		231A210B292E55D100D8E9C2 /* x25519.h */ = {isa = PBXFileReference; fileEncoding = 4; lastKnownFileType = sourcecode.c.h; path = x25519.h; sourceTree = "<group>"; };
		231A2111292E55E000D8E9C2 /* wireguard.h */ = {isa = PBXFileReference; fileEncoding = 4; lastKnownFileType = sourcecode.c.h; name = wireguard.h; path = wireguard/Sources/WireGuardKitGo/wireguard.h; sourceTree = "<group>"; };
		23916CCE28378B1F0046A972 /* build_library.sh */ = {isa = PBXFileReference; lastKnownFileType = text.script.sh; path = build_library.sh; sourceTree = "<group>"; };
		239AD33727E1F3570076055C /* GRDKeychain.swift */ = {isa = PBXFileReference; lastKnownFileType = sourcecode.swift; path = GRDKeychain.swift; sourceTree = "<group>"; };
		23C354D427DF55490063D69B /* libwg-go.a */ = {isa = PBXFileReference; lastKnownFileType = archive.ar; name = "libwg-go.a"; path = "../../../Library/Developer/Xcode/DerivedData/GuardianWireGuard-fgtaxesxbgdigwdbpacsxiplterg/Build/Products/Debug/libwg-go.a"; sourceTree = "<group>"; };
/* End PBXFileReference section */

/* Begin PBXFrameworksBuildPhase section */
		23187D90292E661E00ED302A /* Frameworks */ = {
			isa = PBXFrameworksBuildPhase;
			buildActionMask = 2147483647;
			files = (
				23187D9C292E668500ED302A /* libwg-go.a in Frameworks */,
			);
			runOnlyForDeploymentPostprocessing = 0;
		};
		23187DBC292E6A0100ED302A /* Frameworks */ = {
			isa = PBXFrameworksBuildPhase;
			buildActionMask = 2147483647;
			files = (
				23187DC8292E6A4400ED302A /* libwg-go.a in Frameworks */,
			);
			runOnlyForDeploymentPostprocessing = 0;
		};
/* End PBXFrameworksBuildPhase section */

/* Begin PBXGroup section */
		2302A67C27C6B153009F8664 = {
			isa = PBXGroup;
			children = (
				23916CCE28378B1F0046A972 /* build_library.sh */,
				23C3560A27DF63100063D69B /* WireGuard */,
				2302A68827C6B153009F8664 /* GRDWireGuardKit */,
				23187D94292E661E00ED302A /* GRDWireGuardKitiOS */,
				23187DC0292E6A0100ED302A /* GRDWireGuardKitmacOS */,
				2302A68727C6B153009F8664 /* Products */,
				23C354D327DF55490063D69B /* Frameworks */,
			);
			sourceTree = "<group>";
		};
		2302A68727C6B153009F8664 /* Products */ = {
			isa = PBXGroup;
			children = (
				23187D93292E661E00ED302A /* GRDWireGuardKitiOS.framework */,
				23187DBF292E6A0100ED302A /* GRDWireGuardKitmacOS.framework */,
			);
			name = Products;
			sourceTree = "<group>";
		};
		2302A68827C6B153009F8664 /* GRDWireGuardKit */ = {
			isa = PBXGroup;
			children = (
				2302A82327C6B7E8009F8664 /* PacketTunnelProvider.swift */,
				239AD33727E1F3570076055C /* GRDKeychain.swift */,
			);
			path = GRDWireGuardKit;
			sourceTree = "<group>";
		};
		23187D94292E661E00ED302A /* GRDWireGuardKitiOS */ = {
			isa = PBXGroup;
			children = (
				23187D95292E661E00ED302A /* GRDWireGuardKitiOS.h */,
			);
			path = GRDWireGuardKitiOS;
			sourceTree = "<group>";
		};
		23187DC0292E6A0100ED302A /* GRDWireGuardKitmacOS */ = {
			isa = PBXGroup;
			children = (
				23187DC1292E6A0100ED302A /* GRDWireGuardKitmacOS.h */,
			);
			path = GRDWireGuardKitmacOS;
			sourceTree = "<group>";
		};
		231A20D5292E558300D8E9C2 /* Shared */ = {
			isa = PBXGroup;
			children = (
				231A20D6292E558300D8E9C2 /* FileManager+Extension.swift */,
				231A20D7292E558300D8E9C2 /* Keychain.swift */,
				231A20D8292E558300D8E9C2 /* NotificationToken.swift */,
				231A20D9292E558300D8E9C2 /* Model */,
				231A20DD292E558300D8E9C2 /* Logging */,
			);
			name = Shared;
			path = wireguard/Sources/Shared;
			sourceTree = "<group>";
		};
		231A20D9292E558300D8E9C2 /* Model */ = {
			isa = PBXGroup;
			children = (
				231A20DA292E558300D8E9C2 /* TunnelConfiguration+WgQuickConfig.swift */,
				231A20DB292E558300D8E9C2 /* NETunnelProviderProtocol+Extension.swift */,
				231A20DC292E558300D8E9C2 /* String+ArrayConversion.swift */,
			);
			path = Model;
			sourceTree = "<group>";
		};
		231A20DD292E558300D8E9C2 /* Logging */ = {
			isa = PBXGroup;
			children = (
				231A20DE292E558300D8E9C2 /* ringlogger.c */,
				231A20DF292E558300D8E9C2 /* Logger.swift */,
				231A20E1292E558300D8E9C2 /* ringlogger.h */,
			);
			path = Logging;
			sourceTree = "<group>";
		};
		231A20EC292E55A900D8E9C2 /* WireGuardKit */ = {
			isa = PBXGroup;
			children = (
				231A20ED292E55A900D8E9C2 /* InterfaceConfiguration.swift */,
				231A20EE292E55A900D8E9C2 /* PeerConfiguration.swift */,
				231A20EF292E55A900D8E9C2 /* DNSServer.swift */,
				231A20F0292E55A900D8E9C2 /* TunnelConfiguration.swift */,
				231A20F1292E55A900D8E9C2 /* WireGuardAdapter.swift */,
				231A20F2292E55A900D8E9C2 /* Array+ConcurrentMap.swift */,
				231A20F3292E55A900D8E9C2 /* DNSResolver.swift */,
				231A20F4292E55A900D8E9C2 /* IPAddress+AddrInfo.swift */,
				231A20F5292E55A900D8E9C2 /* PrivateKey.swift */,
				231A20F6292E55A900D8E9C2 /* PacketTunnelSettingsGenerator.swift */,
				231A20F7292E55A900D8E9C2 /* IPAddressRange.swift */,
				231A20F8292E55A900D8E9C2 /* Endpoint.swift */,
			);
			name = WireGuardKit;
			path = wireguard/Sources/WireGuardKit;
			sourceTree = "<group>";
		};
		231A2105292E55D100D8E9C2 /* WireGuardKitC */ = {
			isa = PBXGroup;
			children = (
				231A2106292E55D100D8E9C2 /* WireGuardKitC.h */,
				231A2107292E55D100D8E9C2 /* key.h */,
				231A2108292E55D100D8E9C2 /* x25519.c */,
				231A2109292E55D100D8E9C2 /* key.c */,
				231A210A292E55D100D8E9C2 /* module.modulemap */,
				231A210B292E55D100D8E9C2 /* x25519.h */,
			);
			name = WireGuardKitC;
			path = wireguard/Sources/WireGuardKitC;
			sourceTree = "<group>";
		};
		23C354D327DF55490063D69B /* Frameworks */ = {
			isa = PBXGroup;
			children = (
				23187D8B292E5ACD00ED302A /* libwg-go.a */,
				231A20A8292D2BB200D8E9C2 /* libwg-go.a */,
				23136B73281697150064EA5C /* libwg-go.a */,
				23C354D427DF55490063D69B /* libwg-go.a */,
			);
			name = Frameworks;
			sourceTree = "<group>";
		};
		23C3560A27DF63100063D69B /* WireGuard */ = {
			isa = PBXGroup;
			children = (
				231A2111292E55E000D8E9C2 /* wireguard.h */,
				231A2105292E55D100D8E9C2 /* WireGuardKitC */,
				231A20EC292E55A900D8E9C2 /* WireGuardKit */,
				231A20D5292E558300D8E9C2 /* Shared */,
			);
			name = WireGuard;
			sourceTree = "<group>";
		};
/* End PBXGroup section */

/* Begin PBXHeadersBuildPhase section */
		23187D8E292E661E00ED302A /* Headers */ = {
			isa = PBXHeadersBuildPhase;
			buildActionMask = 2147483647;
			files = (
				23187DB7292E66CF00ED302A /* ringlogger.h in Headers */,
				23187DA2292E66AA00ED302A /* x25519.h in Headers */,
				23187D9F292E66A200ED302A /* key.h in Headers */,
				23187D96292E661E00ED302A /* GRDWireGuardKitiOS.h in Headers */,
				23187D9E292E669F00ED302A /* WireGuardKitC.h in Headers */,
				23187D9D292E669400ED302A /* wireguard.h in Headers */,
			);
			runOnlyForDeploymentPostprocessing = 0;
		};
		23187DBA292E6A0100ED302A /* Headers */ = {
			isa = PBXHeadersBuildPhase;
			buildActionMask = 2147483647;
			files = (
				23187DE3292E6A8B00ED302A /* ringlogger.h in Headers */,
				23187DCE292E6A7700ED302A /* x25519.h in Headers */,
				23187DCB292E6A7100ED302A /* key.h in Headers */,
				23187DC2292E6A0100ED302A /* GRDWireGuardKitmacOS.h in Headers */,
				23187DCA292E6A6D00ED302A /* WireGuardKitC.h in Headers */,
				23187DC9292E6A6800ED302A /* wireguard.h in Headers */,
			);
			runOnlyForDeploymentPostprocessing = 0;
		};
/* End PBXHeadersBuildPhase section */

/* Begin PBXLegacyTarget section */
		2302A81927C6B34A009F8664 /* WireGuardBridgemacOS */ = {
			isa = PBXLegacyTarget;
			buildArgumentsString = "$(ACTION)";
			buildConfigurationList = 2302A81A27C6B34A009F8664 /* Build configuration list for PBXLegacyTarget "WireGuardBridgemacOS" */;
			buildPhases = (
			);
			buildToolPath = /usr/bin/make;
			buildWorkingDirectory = "$(PROJECT_DIR)/wireguard/Sources/WireGuardKitGo";
			dependencies = (
			);
			name = WireGuardBridgemacOS;
			passBuildSettingsInEnvironment = 1;
			productName = WireGuardBridgemacOS;
		};
		2302A81D27C6B364009F8664 /* WireGuardBridgeiOS */ = {
			isa = PBXLegacyTarget;
			buildArgumentsString = "$(ACTION)";
			buildConfigurationList = 2302A81E27C6B364009F8664 /* Build configuration list for PBXLegacyTarget "WireGuardBridgeiOS" */;
			buildPhases = (
			);
			buildToolPath = /usr/bin/make;
			buildWorkingDirectory = "$(PROJECT_DIR)/wireguard/Sources/WireGuardKitGo";
			dependencies = (
			);
			name = WireGuardBridgeiOS;
			passBuildSettingsInEnvironment = 1;
			productName = WireGuardBridgeiOS;
		};
/* End PBXLegacyTarget section */

/* Begin PBXNativeTarget section */
		23187D92292E661E00ED302A /* GRDWireGuardKitiOS */ = {
			isa = PBXNativeTarget;
			buildConfigurationList = 23187D97292E661E00ED302A /* Build configuration list for PBXNativeTarget "GRDWireGuardKitiOS" */;
			buildPhases = (
				23187D8E292E661E00ED302A /* Headers */,
				23187D8F292E661E00ED302A /* Sources */,
				23187D90292E661E00ED302A /* Frameworks */,
				23187D91292E661E00ED302A /* Resources */,
			);
			buildRules = (
			);
			dependencies = (
				23187D9B292E662800ED302A /* PBXTargetDependency */,
			);
			name = GRDWireGuardKitiOS;
			productName = GRDWireGuardKit;
			productReference = 23187D93292E661E00ED302A /* GRDWireGuardKitiOS.framework */;
			productType = "com.apple.product-type.framework";
		};
		23187DBE292E6A0100ED302A /* GRDWireGuardKitmacOS */ = {
			isa = PBXNativeTarget;
			buildConfigurationList = 23187DC3292E6A0100ED302A /* Build configuration list for PBXNativeTarget "GRDWireGuardKitmacOS" */;
			buildPhases = (
				23187DBA292E6A0100ED302A /* Headers */,
				23187DBB292E6A0100ED302A /* Sources */,
				23187DBC292E6A0100ED302A /* Frameworks */,
				23187DBD292E6A0100ED302A /* Resources */,
			);
			buildRules = (
			);
			dependencies = (
				23187DC7292E6A1100ED302A /* PBXTargetDependency */,
			);
			name = GRDWireGuardKitmacOS;
			productName = GRDWireGuardKitmacOS;
			productReference = 23187DBF292E6A0100ED302A /* GRDWireGuardKitmacOS.framework */;
			productType = "com.apple.product-type.framework";
		};
/* End PBXNativeTarget section */

/* Begin PBXProject section */
		2302A67D27C6B153009F8664 /* Project object */ = {
			isa = PBXProject;
			attributes = {
				BuildIndependentTargetsInParallel = 1;
				LastUpgradeCheck = 1410;
				TargetAttributes = {
					2302A81927C6B34A009F8664 = {
						CreatedOnToolsVersion = 13.2;
					};
					2302A81D27C6B364009F8664 = {
						CreatedOnToolsVersion = 13.2;
					};
					23187D92292E661E00ED302A = {
						CreatedOnToolsVersion = 14.1;
					};
					23187DBE292E6A0100ED302A = {
						CreatedOnToolsVersion = 14.1;
					};
				};
			};
			buildConfigurationList = 2302A68027C6B153009F8664 /* Build configuration list for PBXProject "GRDWireGuardKit" */;
			compatibilityVersion = "Xcode 13.0";
			developmentRegion = en;
			hasScannedForEncodings = 0;
			knownRegions = (
				en,
				Base,
			);
			mainGroup = 2302A67C27C6B153009F8664;
			productRefGroup = 2302A68727C6B153009F8664 /* Products */;
			projectDirPath = "";
			projectRoot = "";
			targets = (
				23187DBE292E6A0100ED302A /* GRDWireGuardKitmacOS */,
				2302A81927C6B34A009F8664 /* WireGuardBridgemacOS */,
				23187D92292E661E00ED302A /* GRDWireGuardKitiOS */,
				2302A81D27C6B364009F8664 /* WireGuardBridgeiOS */,
			);
		};
/* End PBXProject section */

/* Begin PBXResourcesBuildPhase section */
		23187D91292E661E00ED302A /* Resources */ = {
			isa = PBXResourcesBuildPhase;
			buildActionMask = 2147483647;
			files = (
			);
			runOnlyForDeploymentPostprocessing = 0;
		};
		23187DBD292E6A0100ED302A /* Resources */ = {
			isa = PBXResourcesBuildPhase;
			buildActionMask = 2147483647;
			files = (
			);
			runOnlyForDeploymentPostprocessing = 0;
		};
/* End PBXResourcesBuildPhase section */

/* Begin PBXSourcesBuildPhase section */
		23187D8F292E661E00ED302A /* Sources */ = {
			isa = PBXSourcesBuildPhase;
			buildActionMask = 2147483647;
			files = (
				23187DAA292E66C100ED302A /* PeerConfiguration.swift in Sources */,
				23187DB6292E66CD00ED302A /* Logger.swift in Sources */,
				23187DA6292E66C100ED302A /* IPAddress+AddrInfo.swift in Sources */,
				23187DB5292E66CD00ED302A /* ringlogger.c in Sources */,
				23187DA0292E66A600ED302A /* x25519.c in Sources */,
				23187DA8292E66C100ED302A /* Endpoint.swift in Sources */,
				23187DB3292E66CA00ED302A /* TunnelConfiguration+WgQuickConfig.swift in Sources */,
				23187DAC292E66C100ED302A /* PacketTunnelSettingsGenerator.swift in Sources */,
				23187DB0292E66C700ED302A /* Keychain.swift in Sources */,
				23187DA3292E66C100ED302A /* WireGuardAdapter.swift in Sources */,
				23187DAD292E66C100ED302A /* TunnelConfiguration.swift in Sources */,
				23187DB4292E66CA00ED302A /* NETunnelProviderProtocol+Extension.swift in Sources */,
				23187DB2292E66CA00ED302A /* String+ArrayConversion.swift in Sources */,
				23187DB8292E66DF00ED302A /* GRDKeychain.swift in Sources */,
				23187DB9292E66DF00ED302A /* PacketTunnelProvider.swift in Sources */,
				23187DA1292E66A800ED302A /* key.c in Sources */,
				23187DA4292E66C100ED302A /* Array+ConcurrentMap.swift in Sources */,
				23187DA7292E66C100ED302A /* IPAddressRange.swift in Sources */,
				23187DB1292E66C700ED302A /* NotificationToken.swift in Sources */,
				23187DAB292E66C100ED302A /* DNSServer.swift in Sources */,
				23187DAF292E66C700ED302A /* FileManager+Extension.swift in Sources */,
				23187DA9292E66C100ED302A /* DNSResolver.swift in Sources */,
				23187DAE292E66C100ED302A /* InterfaceConfiguration.swift in Sources */,
				23187DA5292E66C100ED302A /* PrivateKey.swift in Sources */,
			);
			runOnlyForDeploymentPostprocessing = 0;
		};
		23187DBB292E6A0100ED302A /* Sources */ = {
			isa = PBXSourcesBuildPhase;
			buildActionMask = 2147483647;
			files = (
				23187DDE292E6A8500ED302A /* TunnelConfiguration+WgQuickConfig.swift in Sources */,
				23187DE2292E6A8900ED302A /* Logger.swift in Sources */,
				23187DCC292E6A7500ED302A /* x25519.c in Sources */,
				23187DE1292E6A8900ED302A /* ringlogger.c in Sources */,
				23187DD1292E6A7E00ED302A /* TunnelConfiguration.swift in Sources */,
				23187DD6292E6A7E00ED302A /* IPAddress+AddrInfo.swift in Sources */,
				23187DCD292E6A7500ED302A /* key.c in Sources */,
				23187DDF292E6A8500ED302A /* String+ArrayConversion.swift in Sources */,
				23187DD2292E6A7E00ED302A /* Array+ConcurrentMap.swift in Sources */,
				23187DDC292E6A8200ED302A /* Keychain.swift in Sources */,
				23187DD4292E6A7E00ED302A /* WireGuardAdapter.swift in Sources */,
				23187DE0292E6A8500ED302A /* NETunnelProviderProtocol+Extension.swift in Sources */,
				23187DD0292E6A7E00ED302A /* DNSServer.swift in Sources */,
				23187DE4292E6A8F00ED302A /* GRDKeychain.swift in Sources */,
				23187DE5292E6A8F00ED302A /* PacketTunnelProvider.swift in Sources */,
				23187DD9292E6A7E00ED302A /* PeerConfiguration.swift in Sources */,
				23187DD7292E6A7E00ED302A /* PacketTunnelSettingsGenerator.swift in Sources */,
				23187DD3292E6A7E00ED302A /* InterfaceConfiguration.swift in Sources */,
				23187DDD292E6A8200ED302A /* NotificationToken.swift in Sources */,
				23187DD5292E6A7E00ED302A /* DNSResolver.swift in Sources */,
				23187DDB292E6A8200ED302A /* FileManager+Extension.swift in Sources */,
				23187DD8292E6A7E00ED302A /* Endpoint.swift in Sources */,
				23187DCF292E6A7E00ED302A /* IPAddressRange.swift in Sources */,
				23187DDA292E6A7E00ED302A /* PrivateKey.swift in Sources */,
			);
			runOnlyForDeploymentPostprocessing = 0;
		};
/* End PBXSourcesBuildPhase section */

/* Begin PBXTargetDependency section */
		23187D9B292E662800ED302A /* PBXTargetDependency */ = {
			isa = PBXTargetDependency;
			target = 2302A81D27C6B364009F8664 /* WireGuardBridgeiOS */;
			targetProxy = 23187D9A292E662800ED302A /* PBXContainerItemProxy */;
		};
		23187DC7292E6A1100ED302A /* PBXTargetDependency */ = {
			isa = PBXTargetDependency;
			target = 2302A81927C6B34A009F8664 /* WireGuardBridgemacOS */;
			targetProxy = 23187DC6292E6A1100ED302A /* PBXContainerItemProxy */;
		};
/* End PBXTargetDependency section */

/* Begin XCBuildConfiguration section */
		2302A68B27C6B153009F8664 /* Debug */ = {
			isa = XCBuildConfiguration;
			buildSettings = {
				ALWAYS_SEARCH_USER_PATHS = NO;
				CLANG_ANALYZER_NONNULL = YES;
				CLANG_ANALYZER_NUMBER_OBJECT_CONVERSION = YES_AGGRESSIVE;
				CLANG_CXX_LANGUAGE_STANDARD = "gnu++17";
				CLANG_CXX_LIBRARY = "libc++";
				CLANG_ENABLE_MODULES = YES;
				CLANG_ENABLE_OBJC_ARC = YES;
				CLANG_ENABLE_OBJC_WEAK = YES;
				CLANG_WARN_BLOCK_CAPTURE_AUTORELEASING = YES;
				CLANG_WARN_BOOL_CONVERSION = YES;
				CLANG_WARN_COMMA = YES;
				CLANG_WARN_CONSTANT_CONVERSION = YES;
				CLANG_WARN_DEPRECATED_OBJC_IMPLEMENTATIONS = YES;
				CLANG_WARN_DIRECT_OBJC_ISA_USAGE = YES_ERROR;
				CLANG_WARN_DOCUMENTATION_COMMENTS = YES;
				CLANG_WARN_EMPTY_BODY = YES;
				CLANG_WARN_ENUM_CONVERSION = YES;
				CLANG_WARN_INFINITE_RECURSION = YES;
				CLANG_WARN_INT_CONVERSION = YES;
				CLANG_WARN_NON_LITERAL_NULL_CONVERSION = YES;
				CLANG_WARN_OBJC_IMPLICIT_RETAIN_SELF = YES;
				CLANG_WARN_OBJC_LITERAL_CONVERSION = YES;
				CLANG_WARN_OBJC_ROOT_CLASS = YES_ERROR;
				CLANG_WARN_QUOTED_INCLUDE_IN_FRAMEWORK_HEADER = YES;
				CLANG_WARN_RANGE_LOOP_ANALYSIS = YES;
				CLANG_WARN_STRICT_PROTOTYPES = YES;
				CLANG_WARN_SUSPICIOUS_MOVE = YES;
				CLANG_WARN_UNGUARDED_AVAILABILITY = YES_AGGRESSIVE;
				CLANG_WARN_UNREACHABLE_CODE = YES;
				CLANG_WARN__DUPLICATE_METHOD_MATCH = YES;
				COPY_PHASE_STRIP = NO;
				CURRENT_PROJECT_VERSION = 1;
				DEAD_CODE_STRIPPING = YES;
				DEBUG_INFORMATION_FORMAT = dwarf;
				ENABLE_STRICT_OBJC_MSGSEND = YES;
				ENABLE_TESTABILITY = YES;
				GCC_C_LANGUAGE_STANDARD = gnu11;
				GCC_DYNAMIC_NO_PIC = NO;
				GCC_NO_COMMON_BLOCKS = YES;
				GCC_OPTIMIZATION_LEVEL = 0;
				GCC_PREPROCESSOR_DEFINITIONS = (
					"DEBUG=1",
					"$(inherited)",
				);
				GCC_WARN_64_TO_32_BIT_CONVERSION = YES;
				GCC_WARN_ABOUT_RETURN_TYPE = YES_ERROR;
				GCC_WARN_UNDECLARED_SELECTOR = YES;
				GCC_WARN_UNINITIALIZED_AUTOS = YES_AGGRESSIVE;
				GCC_WARN_UNUSED_FUNCTION = YES;
				GCC_WARN_UNUSED_VARIABLE = YES;
				IPHONEOS_DEPLOYMENT_TARGET = 13.0;
				MACOSX_DEPLOYMENT_TARGET = 10.15;
				MTL_ENABLE_DEBUG_INFO = INCLUDE_SOURCE;
				MTL_FAST_MATH = YES;
				ONLY_ACTIVE_ARCH = YES;
				SDKROOT = macosx;
				VERSIONING_SYSTEM = "apple-generic";
				VERSION_INFO_PREFIX = "";
			};
			name = Debug;
		};
		2302A68C27C6B153009F8664 /* Release */ = {
			isa = XCBuildConfiguration;
			buildSettings = {
				ALWAYS_SEARCH_USER_PATHS = NO;
				CLANG_ANALYZER_NONNULL = YES;
				CLANG_ANALYZER_NUMBER_OBJECT_CONVERSION = YES_AGGRESSIVE;
				CLANG_CXX_LANGUAGE_STANDARD = "gnu++17";
				CLANG_CXX_LIBRARY = "libc++";
				CLANG_ENABLE_MODULES = YES;
				CLANG_ENABLE_OBJC_ARC = YES;
				CLANG_ENABLE_OBJC_WEAK = YES;
				CLANG_WARN_BLOCK_CAPTURE_AUTORELEASING = YES;
				CLANG_WARN_BOOL_CONVERSION = YES;
				CLANG_WARN_COMMA = YES;
				CLANG_WARN_CONSTANT_CONVERSION = YES;
				CLANG_WARN_DEPRECATED_OBJC_IMPLEMENTATIONS = YES;
				CLANG_WARN_DIRECT_OBJC_ISA_USAGE = YES_ERROR;
				CLANG_WARN_DOCUMENTATION_COMMENTS = YES;
				CLANG_WARN_EMPTY_BODY = YES;
				CLANG_WARN_ENUM_CONVERSION = YES;
				CLANG_WARN_INFINITE_RECURSION = YES;
				CLANG_WARN_INT_CONVERSION = YES;
				CLANG_WARN_NON_LITERAL_NULL_CONVERSION = YES;
				CLANG_WARN_OBJC_IMPLICIT_RETAIN_SELF = YES;
				CLANG_WARN_OBJC_LITERAL_CONVERSION = YES;
				CLANG_WARN_OBJC_ROOT_CLASS = YES_ERROR;
				CLANG_WARN_QUOTED_INCLUDE_IN_FRAMEWORK_HEADER = YES;
				CLANG_WARN_RANGE_LOOP_ANALYSIS = YES;
				CLANG_WARN_STRICT_PROTOTYPES = YES;
				CLANG_WARN_SUSPICIOUS_MOVE = YES;
				CLANG_WARN_UNGUARDED_AVAILABILITY = YES_AGGRESSIVE;
				CLANG_WARN_UNREACHABLE_CODE = YES;
				CLANG_WARN__DUPLICATE_METHOD_MATCH = YES;
				COPY_PHASE_STRIP = NO;
				CURRENT_PROJECT_VERSION = 1;
				DEAD_CODE_STRIPPING = YES;
				DEBUG_INFORMATION_FORMAT = "dwarf-with-dsym";
				ENABLE_NS_ASSERTIONS = NO;
				ENABLE_STRICT_OBJC_MSGSEND = YES;
				GCC_C_LANGUAGE_STANDARD = gnu11;
				GCC_NO_COMMON_BLOCKS = YES;
				GCC_WARN_64_TO_32_BIT_CONVERSION = YES;
				GCC_WARN_ABOUT_RETURN_TYPE = YES_ERROR;
				GCC_WARN_UNDECLARED_SELECTOR = YES;
				GCC_WARN_UNINITIALIZED_AUTOS = YES_AGGRESSIVE;
				GCC_WARN_UNUSED_FUNCTION = YES;
				GCC_WARN_UNUSED_VARIABLE = YES;
				IPHONEOS_DEPLOYMENT_TARGET = 13.0;
				MACOSX_DEPLOYMENT_TARGET = 10.15;
				MTL_ENABLE_DEBUG_INFO = NO;
				MTL_FAST_MATH = YES;
				SDKROOT = macosx;
				SWIFT_COMPILATION_MODE = wholemodule;
				VERSIONING_SYSTEM = "apple-generic";
				VERSION_INFO_PREFIX = "";
			};
			name = Release;
		};
		2302A81B27C6B34A009F8664 /* Debug */ = {
			isa = XCBuildConfiguration;
			buildSettings = {
				CODE_SIGN_STYLE = Automatic;
				DEAD_CODE_STRIPPING = YES;
				DEBUGGING_SYMBOLS = YES;
				DEBUG_INFORMATION_FORMAT = dwarf;
				DEVELOPMENT_TEAM = FL2NUL637S;
				GCC_GENERATE_DEBUGGING_SYMBOLS = YES;
				GCC_OPTIMIZATION_LEVEL = 0;
				MACOSX_DEPLOYMENT_TARGET = 10.15;
				OTHER_CFLAGS = "";
				OTHER_LDFLAGS = "";
				PATH = "$PATH:/usr/local/go/bin";
				PRODUCT_NAME = "$(TARGET_NAME)";
			};
			name = Debug;
		};
		2302A81C27C6B34A009F8664 /* Release */ = {
			isa = XCBuildConfiguration;
			buildSettings = {
				CODE_SIGN_STYLE = Automatic;
				DEAD_CODE_STRIPPING = YES;
				DEBUG_INFORMATION_FORMAT = "dwarf-with-dsym";
				DEVELOPMENT_TEAM = FL2NUL637S;
				MACOSX_DEPLOYMENT_TARGET = 10.15;
				OTHER_CFLAGS = "";
				OTHER_LDFLAGS = "";
				PATH = "$PATH:/usr/local/go/bin";
				PRODUCT_NAME = "$(TARGET_NAME)";
			};
			name = Release;
		};
		2302A81F27C6B364009F8664 /* Debug */ = {
			isa = XCBuildConfiguration;
			buildSettings = {
				CODE_SIGN_STYLE = Automatic;
				COPY_PHASE_STRIP = NO;
				DEBUGGING_SYMBOLS = YES;
				DEBUG_INFORMATION_FORMAT = dwarf;
				DEVELOPMENT_TEAM = FL2NUL637S;
				GCC_GENERATE_DEBUGGING_SYMBOLS = YES;
				GCC_OPTIMIZATION_LEVEL = 0;
				IPHONEOS_DEPLOYMENT_TARGET = 13.0;
				OTHER_CFLAGS = "";
				OTHER_LDFLAGS = "";
				PATH = "$PATH:/usr/local/go/bin";
				PRODUCT_NAME = "$(TARGET_NAME)";
				SDKROOT = iphoneos;
			};
			name = Debug;
		};
		2302A82027C6B364009F8664 /* Release */ = {
			isa = XCBuildConfiguration;
			buildSettings = {
				CODE_SIGN_STYLE = Automatic;
				COPY_PHASE_STRIP = NO;
				DEBUG_INFORMATION_FORMAT = "dwarf-with-dsym";
				DEVELOPMENT_TEAM = FL2NUL637S;
				IPHONEOS_DEPLOYMENT_TARGET = 13.0;
				OTHER_CFLAGS = "";
				OTHER_LDFLAGS = "";
				PATH = "$PATH:/usr/local/go/bin";
				PRODUCT_NAME = "$(TARGET_NAME)";
				SDKROOT = iphoneos;
			};
			name = Release;
		};
		23187D98292E661E00ED302A /* Debug */ = {
			isa = XCBuildConfiguration;
			buildSettings = {
				APPLICATION_EXTENSION_API_ONLY = YES;
				BUILD_LIBRARY_FOR_DISTRIBUTION = YES;
				CLANG_CXX_LANGUAGE_STANDARD = "gnu++20";
				CODE_SIGN_STYLE = Automatic;
				CURRENT_PROJECT_VERSION = 1;
				DEFINES_MODULE = YES;
				DEVELOPMENT_TEAM = FL2NUL637S;
				DYLIB_COMPATIBILITY_VERSION = 1;
				DYLIB_CURRENT_VERSION = 1;
				DYLIB_INSTALL_NAME_BASE = "@rpath";
				GENERATE_INFOPLIST_FILE = YES;
				INFOPLIST_KEY_NSHumanReadableCopyright = "";
				INSTALL_PATH = "$(LOCAL_LIBRARY_DIR)/Frameworks";
				IPHONEOS_DEPLOYMENT_TARGET = 13.0;
				LD_RUNPATH_SEARCH_PATHS = (
					"$(inherited)",
					"@executable_path/Frameworks",
					"@loader_path/Frameworks",
				);
				MARKETING_VERSION = 1.0;
				PRODUCT_BUNDLE_IDENTIFIER = com.guardianapp.GRDWireGuardKitiOS;
				PRODUCT_NAME = "$(TARGET_NAME:c99extidentifier)";
				SDKROOT = iphoneos;
				SKIP_INSTALL = YES;
				SWIFT_EMIT_LOC_STRINGS = YES;
				SWIFT_VERSION = 5.0;
				TARGETED_DEVICE_FAMILY = "1,2";
			};
			name = Debug;
		};
		23187D99292E661E00ED302A /* Release */ = {
			isa = XCBuildConfiguration;
			buildSettings = {
				APPLICATION_EXTENSION_API_ONLY = YES;
				BUILD_LIBRARY_FOR_DISTRIBUTION = YES;
				CLANG_CXX_LANGUAGE_STANDARD = "gnu++20";
				CODE_SIGN_STYLE = Automatic;
				CURRENT_PROJECT_VERSION = 1;
				DEFINES_MODULE = YES;
				DEVELOPMENT_TEAM = FL2NUL637S;
				DYLIB_COMPATIBILITY_VERSION = 1;
				DYLIB_CURRENT_VERSION = 1;
				DYLIB_INSTALL_NAME_BASE = "@rpath";
				GENERATE_INFOPLIST_FILE = YES;
				INFOPLIST_KEY_NSHumanReadableCopyright = "";
				INSTALL_PATH = "$(LOCAL_LIBRARY_DIR)/Frameworks";
				IPHONEOS_DEPLOYMENT_TARGET = 13.0;
				LD_RUNPATH_SEARCH_PATHS = (
					"$(inherited)",
					"@executable_path/Frameworks",
					"@loader_path/Frameworks",
				);
				MARKETING_VERSION = 1.0;
				PRODUCT_BUNDLE_IDENTIFIER = com.guardianapp.GRDWireGuardKitiOS;
				PRODUCT_NAME = "$(TARGET_NAME:c99extidentifier)";
				SDKROOT = iphoneos;
				SKIP_INSTALL = YES;
				SWIFT_EMIT_LOC_STRINGS = YES;
				SWIFT_VERSION = 5.0;
				TARGETED_DEVICE_FAMILY = "1,2";
				VALIDATE_PRODUCT = YES;
			};
			name = Release;
		};
		23187DC4292E6A0100ED302A /* Debug */ = {
			isa = XCBuildConfiguration;
			buildSettings = {
				CLANG_CXX_LANGUAGE_STANDARD = "gnu++20";
				CODE_SIGN_STYLE = Automatic;
				COMBINE_HIDPI_IMAGES = YES;
				CURRENT_PROJECT_VERSION = 1;
				DEFINES_MODULE = YES;
				DEVELOPMENT_TEAM = FL2NUL637S;
				DYLIB_COMPATIBILITY_VERSION = 1;
				DYLIB_CURRENT_VERSION = 1;
				DYLIB_INSTALL_NAME_BASE = "@rpath";
				GENERATE_INFOPLIST_FILE = YES;
				INFOPLIST_KEY_NSHumanReadableCopyright = "";
				INSTALL_PATH = "$(LOCAL_LIBRARY_DIR)/Frameworks";
				LD_RUNPATH_SEARCH_PATHS = (
					"$(inherited)",
					"@executable_path/../Frameworks",
					"@loader_path/Frameworks",
				);
				MACOSX_DEPLOYMENT_TARGET = 10.15;
				MARKETING_VERSION = 1.0;
				PRODUCT_BUNDLE_IDENTIFIER = com.guardianapp.GRDWireGuardKitmacOS;
				PRODUCT_NAME = "$(TARGET_NAME:c99extidentifier)";
				SKIP_INSTALL = YES;
				SWIFT_EMIT_LOC_STRINGS = YES;
				SWIFT_VERSION = 5.0;
			};
			name = Debug;
		};
		23187DC5292E6A0100ED302A /* Release */ = {
			isa = XCBuildConfiguration;
			buildSettings = {
				CLANG_CXX_LANGUAGE_STANDARD = "gnu++20";
				CODE_SIGN_STYLE = Automatic;
				COMBINE_HIDPI_IMAGES = YES;
				CURRENT_PROJECT_VERSION = 1;
				DEFINES_MODULE = YES;
				DEVELOPMENT_TEAM = FL2NUL637S;
				DYLIB_COMPATIBILITY_VERSION = 1;
				DYLIB_CURRENT_VERSION = 1;
				DYLIB_INSTALL_NAME_BASE = "@rpath";
				GENERATE_INFOPLIST_FILE = YES;
				INFOPLIST_KEY_NSHumanReadableCopyright = "";
				INSTALL_PATH = "$(LOCAL_LIBRARY_DIR)/Frameworks";
				LD_RUNPATH_SEARCH_PATHS = (
					"$(inherited)",
					"@executable_path/../Frameworks",
					"@loader_path/Frameworks",
				);
				MACOSX_DEPLOYMENT_TARGET = 10.15;
				MARKETING_VERSION = 1.0;
				PRODUCT_BUNDLE_IDENTIFIER = com.guardianapp.GRDWireGuardKitmacOS;
				PRODUCT_NAME = "$(TARGET_NAME:c99extidentifier)";
				SKIP_INSTALL = YES;
				SWIFT_EMIT_LOC_STRINGS = YES;
				SWIFT_VERSION = 5.0;
			};
			name = Release;
		};
/* End XCBuildConfiguration section */

/* Begin XCConfigurationList section */
		2302A68027C6B153009F8664 /* Build configuration list for PBXProject "GRDWireGuardKit" */ = {
			isa = XCConfigurationList;
			buildConfigurations = (
				2302A68B27C6B153009F8664 /* Debug */,
				2302A68C27C6B153009F8664 /* Release */,
			);
			defaultConfigurationIsVisible = 0;
			defaultConfigurationName = Release;
		};
		2302A81A27C6B34A009F8664 /* Build configuration list for PBXLegacyTarget "WireGuardBridgemacOS" */ = {
			isa = XCConfigurationList;
			buildConfigurations = (
				2302A81B27C6B34A009F8664 /* Debug */,
				2302A81C27C6B34A009F8664 /* Release */,
			);
			defaultConfigurationIsVisible = 0;
			defaultConfigurationName = Release;
		};
		2302A81E27C6B364009F8664 /* Build configuration list for PBXLegacyTarget "WireGuardBridgeiOS" */ = {
			isa = XCConfigurationList;
			buildConfigurations = (
				2302A81F27C6B364009F8664 /* Debug */,
				2302A82027C6B364009F8664 /* Release */,
			);
			defaultConfigurationIsVisible = 0;
			defaultConfigurationName = Release;
		};
		23187D97292E661E00ED302A /* Build configuration list for PBXNativeTarget "GRDWireGuardKitiOS" */ = {
			isa = XCConfigurationList;
			buildConfigurations = (
				23187D98292E661E00ED302A /* Debug */,
				23187D99292E661E00ED302A /* Release */,
			);
			defaultConfigurationIsVisible = 0;
			defaultConfigurationName = Release;
		};
		23187DC3292E6A0100ED302A /* Build configuration list for PBXNativeTarget "GRDWireGuardKitmacOS" */ = {
			isa = XCConfigurationList;
			buildConfigurations = (
				23187DC4292E6A0100ED302A /* Debug */,
				23187DC5292E6A0100ED302A /* Release */,
			);
			defaultConfigurationIsVisible = 0;
			defaultConfigurationName = Release;
		};
/* End XCConfigurationList section */
	};
	rootObject = 2302A67D27C6B153009F8664 /* Project object */;
}
